github.com/duhnnie/godash v0.2.0 h1:Y46L3Yx1GehkU9ayFErr+KPnDpSl4uZ5TBw8JCTGdP0=
github.com/duhnnie/godash v0.2.0/go.mod h1:ULd3l4MWlAqnBA/w16RcGY4GApyzQMtopiGmGHecdpE=
github.com/duhnnie/godash v0.4.0 h1:BVX2Uw5vz3Y2pesHAY2anodlcDeRHwNh7iNbL65wjuQ=
github.com/duhnnie/godash v0.4.0/go.mod h1:ULd3l4MWlAqnBA/w16RcGY4GApyzQMtopiGmGHecdpE=
